
Microsoft Visual Studio Solution File, Format Version 12.00
# Visual Studio Version 16
VisualStudioVersion = 16.0.30204.135
MinimumVisualStudioVersion = 10.0.40219.1
Project("{FAE04EC0-301F-11D3-BF4B-00C04F79EFBC}") = "KellySQL.Testing", "KellySQL\KellySQL.Testing.csproj", "{928169C5-8AD9-4575-BD3C-807DA5DE54B6}"
EndProject
Project("{FAE04EC0-301F-11D3-BF4B-00C04F79EFBC}") = "KellySQL.Core", "KellySQL.Core\KellySQL.Core.csproj", "{CC4E9360-72F7-4B2C-A3F5-90D5262CC14C}"
EndProject
Global
	GlobalSection(SolutionConfigurationPlatforms) = preSolution
		Debug|Any CPU = Debug|Any CPU
		Release|Any CPU = Release|Any CPU
	EndGlobalSection
	GlobalSection(ProjectConfigurationPlatforms) = postSolution
		{928169C5-8AD9-4575-BD3C-807DA5DE54B6}.Debug|Any CPU.ActiveCfg = Debug|Any CPU
		{928169C5-8AD9-4575-BD3C-807DA5DE54B6}.Debug|Any CPU.Build.0 = Debug|Any CPU
		{928169C5-8AD9-4575-BD3C-807DA5DE54B6}.Release|Any CPU.ActiveCfg = Release|Any CPU
		{928169C5-8AD9-4575-BD3C-807DA5DE54B6}.Release|Any CPU.Build.0 = Release|Any CPU
		{CC4E9360-72F7-4B2C-A3F5-90D5262CC14C}.Debug|Any CPU.ActiveCfg = Debug|Any CPU
		{CC4E9360-72F7-4B2C-A3F5-90D5262CC14C}.Debug|Any CPU.Build.0 = Debug|Any CPU
		{CC4E9360-72F7-4B2C-A3F5-90D5262CC14C}.Release|Any CPU.ActiveCfg = Release|Any CPU
		{CC4E9360-72F7-4B2C-A3F5-90D5262CC14C}.Release|Any CPU.Build.0 = Release|Any CPU
	EndGlobalSection
	GlobalSection(SolutionProperties) = preSolution
		HideSolutionNode = FALSE
	EndGlobalSection
	GlobalSection(ExtensibilityGlobals) = postSolution
		SolutionGuid = {D15A70D6-FD73-41A5-BC02-E88EBA793287}
	EndGlobalSection
EndGlobal
